{
  "pins" : [
    {
      "identity" : "highlightr",
      "kind" : "remoteSourceControl",
      "location" : "https://github.com/raspu/Highlightr.git",
      "state" : {
        "revision" : "93199b9e434f04bda956a613af8f571933f9f037",
        "version" : "2.1.2"
      }
    },
    {
      "identity" : "ipfskit",
      "kind" : "remoteSourceControl",
      "location" : "https://github.com/pexavc/ipfskit",
      "state" : {
        "branch" : "main",
        "revision" : "757e86c5d468635ab88e30d3bfb896a27ec34618"
      }
    },
    {
      "identity" : "lemmykit",
      "kind" : "remoteSourceControl",
      "location" : "https://github.com/pexavc/LemmyKit",
      "state" : {
        "branch" : "main",
        "revision" : "e69796616cbe035519bfd284cf5b54a1a38cd9a0"
      }
    },
    {
      "identity" : "markdownview",
      "kind" : "remoteSourceControl",
      "location" : "https://github.com/pexavc/MarkdownView",
      "state" : {
        "branch" : "main",
        "revision" : "9e3e7d96bda7676f3fd8f6fcfa3980fdb204606e"
      }
    },
    {
      "identity" : "nuke",
      "kind" : "remoteSourceControl",
      "location" : "https://github.com/kean/Nuke",
      "state" : {
        "branch" : "main",
        "revision" : "29d3a7e0c687f97fe35b584f60b93fc547d3dade"
      }
    },
    {
      "identity" : "swift-cmark",
      "kind" : "remoteSourceControl",
      "location" : "https://github.com/apple/swift-cmark.git",
      "state" : {
        "revision" : "29d9c97e6310b87c4799268eaa2fc76164b2dbd8",
        "version" : "0.2.0"
      }
    },
    {
      "identity" : "swift-markdown",
      "kind" : "remoteSourceControl",
      "location" : "https://github.com/apple/swift-markdown.git",
      "state" : {
        "revision" : "68b2fed9fb12fb71ac81e537f08bed430b189e35",
        "version" : "0.2.0"
      }
    }
  ],
  "version" : 2
}
