{
  "pins" : [
    {
      "identity" : "feedkit",
      "kind" : "remoteSourceControl",
      "location" : "https://github.com/pexavc/FeedKit",
      "state" : {
        "branch" : "master",
        "revision" : "f216bcf2a76f63b11ecf98e7021120f2fa395cbb"
      }
    },
    {
      "identity" : "ffmpegkit",
      "kind" : "remoteSourceControl",
      "location" : "https://github.com/pexavc/FFmpegKit.git",
      "state" : {
        "revision" : "89f71ccee33d1ff402201162f28b6400f349c873",
        "version" : "1.0.0"
      }
    },
    {
      "identity" : "highlightr",
      "kind" : "remoteSourceControl",
      "location" : "https://github.com/raspu/Highlightr.git",
      "state" : {
        "revision" : "93199b9e434f04bda956a613af8f571933f9f037",
        "version" : "2.1.2"
      }
    },
    {
      "identity" : "ipfskit",
      "kind" : "remoteSourceControl",
      "location" : "https://github.com/pexavc/ipfskit",
      "state" : {
        "branch" : "main",
        "revision" : "757e86c5d468635ab88e30d3bfb896a27ec34618"
      }
    },
    {
      "identity" : "keyboardtoolbar",
      "kind" : "remoteSourceControl",
      "location" : "https://github.com/pexavc/KeyboardToolbar",
      "state" : {
        "branch" : "main",
        "revision" : "77292529fc436541c5d31664d263460778060210"
      }
    },
    {
      "identity" : "lemmykit",
      "kind" : "remoteSourceControl",
      "location" : "https://github.com/pexavc/LemmyKit",
      "state" : {
        "branch" : "main",
        "revision" : "8e185744236de9a9f45d129fd3c3e955423f40ca"
      }
    },
    {
      "identity" : "marblekit",
      "kind" : "remoteSourceControl",
      "location" : "https://github.com/pexavc/MarbleKit",
      "state" : {
        "branch" : "main",
        "revision" : "172cfe18d77bc140bb0b5a595d9bf747d6833b3a"
      }
    },
    {
      "identity" : "markdownview",
      "kind" : "remoteSourceControl",
      "location" : "https://github.com/pexavc/MarkdownView",
      "state" : {
        "branch" : "main",
        "revision" : "541741eb819c4ce404390afb5120ba082c1e4187"
      }
    },
    {
      "identity" : "mastodonkit",
      "kind" : "remoteSourceControl",
      "location" : "https://github.com/pexavc/MastodonKit",
      "state" : {
        "branch" : "master",
        "revision" : "b21dfbf6ae4c510d440d069b02bc9b07e627ed95"
      }
    },
    {
      "identity" : "moderationkit",
      "kind" : "remoteSourceControl",
      "location" : "https://github.com/pexavc/ModerationKit",
      "state" : {
        "branch" : "main",
        "revision" : "7977c79c74755ec47ae268850387a69abf9ab131"
      }
    },
    {
      "identity" : "nuke",
      "kind" : "remoteSourceControl",
      "location" : "https://github.com/kean/Nuke",
      "state" : {
        "branch" : "main",
        "revision" : "29d3a7e0c687f97fe35b584f60b93fc547d3dade"
      }
    },
    {
      "identity" : "swift-cmark",
      "kind" : "remoteSourceControl",
      "location" : "https://github.com/apple/swift-cmark.git",
      "state" : {
        "revision" : "29d9c97e6310b87c4799268eaa2fc76164b2dbd8",
        "version" : "0.2.0"
      }
    },
    {
      "identity" : "swift-markdown",
      "kind" : "remoteSourceControl",
      "location" : "https://github.com/apple/swift-markdown.git",
      "state" : {
        "revision" : "68b2fed9fb12fb71ac81e537f08bed430b189e35",
        "version" : "0.2.0"
      }
    }
  ],
  "version" : 2
}
