{
  "pins" : [
    {
      "identity" : "ffmpegkit",
      "kind" : "remoteSourceControl",
      "location" : "https://github.com/pexavc/FFmpegKit.git",
      "state" : {
        "revision" : "89f71ccee33d1ff402201162f28b6400f349c873",
        "version" : "1.0.0"
      }
    },
    {
      "identity" : "granite",
      "kind" : "remoteSourceControl",
      "location" : "https://github.com/pexavc/Granite.git",
      "state" : {
        "branch" : "main",
        "revision" : "c5b66725c2a8f0b4df3844ca12c8ff927870c5d4"
      }
    },
    {
      "identity" : "highlightr",
      "kind" : "remoteSourceControl",
      "location" : "https://github.com/raspu/Highlightr.git",
      "state" : {
        "revision" : "93199b9e434f04bda956a613af8f571933f9f037",
        "version" : "2.1.2"
      }
    },
    {
      "identity" : "ipfskit",
      "kind" : "remoteSourceControl",
      "location" : "https://github.com/pexavc/ipfskit",
      "state" : {
        "branch" : "main",
        "revision" : "757e86c5d468635ab88e30d3bfb896a27ec34618"
      }
    },
    {
      "identity" : "keyboardtoolbar",
      "kind" : "remoteSourceControl",
      "location" : "https://github.com/pexavc/KeyboardToolbar",
      "state" : {
        "branch" : "main",
        "revision" : "77292529fc436541c5d31664d263460778060210"
      }
    },
    {
      "identity" : "lemmykit",
      "kind" : "remoteSourceControl",
      "location" : "https://github.com/pexavc/LemmyKit",
      "state" : {
        "branch" : "main",
        "revision" : "d995db52bd6b645627d40083dbd5329768606c4c"
      }
    },
    {
      "identity" : "marblekit",
      "kind" : "remoteSourceControl",
      "location" : "https://github.com/pexavc/MarbleKit",
      "state" : {
        "branch" : "main",
        "revision" : "9a2b5ff0b4d7743659476958aed1569660093c90"
      }
    },
    {
      "identity" : "markdownview",
      "kind" : "remoteSourceControl",
      "location" : "https://github.com/pexavc/MarkdownView",
      "state" : {
        "branch" : "main",
        "revision" : "541741eb819c4ce404390afb5120ba082c1e4187"
      }
    },
    {
      "identity" : "nuke",
      "kind" : "remoteSourceControl",
      "location" : "https://github.com/kean/Nuke",
      "state" : {
        "branch" : "main",
        "revision" : "29d3a7e0c687f97fe35b584f60b93fc547d3dade"
      }
    },
    {
      "identity" : "swift-cmark",
      "kind" : "remoteSourceControl",
      "location" : "https://github.com/apple/swift-cmark.git",
      "state" : {
        "revision" : "29d9c97e6310b87c4799268eaa2fc76164b2dbd8",
        "version" : "0.2.0"
      }
    },
    {
      "identity" : "swift-markdown",
      "kind" : "remoteSourceControl",
      "location" : "https://github.com/apple/swift-markdown.git",
      "state" : {
        "revision" : "68b2fed9fb12fb71ac81e537f08bed430b189e35",
        "version" : "0.2.0"
      }
    }
  ],
  "version" : 2
}
